
Microsoft Visual Studio Solution File, Format Version 12.00
# Visual Studio 15
VisualStudioVersion = 15.0.28307.757
MinimumVisualStudioVersion = 10.0.40219.1
Project("{9A19103F-16F7-4668-BE54-9A1E7A4F7556}") = "KuduSupplyCollector", "KuduSupplyCollector\KuduSupplyCollector.csproj", "{14DEAEEF-60CE-4CC3-9773-B544E52031A0}"
EndProject
Project("{9A19103F-16F7-4668-BE54-9A1E7A4F7556}") = "KuduSupplyCollectorTests", "KuduSupplyCollectorTests\KuduSupplyCollectorTests.csproj", "{693D8DB8-73D7-4CA9-814E-0A0B359239B6}"
EndProject
Project("{9A19103F-16F7-4668-BE54-9A1E7A4F7556}") = "KuduSupplyCollectorLoader", "KuduSupplyCollectorLoader\KuduSupplyCollectorLoader.csproj", "{900AC8D2-0B09-4678-A775-A082AFBB783C}"
EndProject
Global
	GlobalSection(SolutionConfigurationPlatforms) = preSolution
		Debug|Any CPU = Debug|Any CPU
		Release|Any CPU = Release|Any CPU
	EndGlobalSection
	GlobalSection(ProjectConfigurationPlatforms) = postSolution
		{14DEAEEF-60CE-4CC3-9773-B544E52031A0}.Debug|Any CPU.ActiveCfg = Debug|Any CPU
		{14DEAEEF-60CE-4CC3-9773-B544E52031A0}.Debug|Any CPU.Build.0 = Debug|Any CPU
		{14DEAEEF-60CE-4CC3-9773-B544E52031A0}.Release|Any CPU.ActiveCfg = Release|Any CPU
		{14DEAEEF-60CE-4CC3-9773-B544E52031A0}.Release|Any CPU.Build.0 = Release|Any CPU
		{693D8DB8-73D7-4CA9-814E-0A0B359239B6}.Debug|Any CPU.ActiveCfg = Debug|Any CPU
		{693D8DB8-73D7-4CA9-814E-0A0B359239B6}.Debug|Any CPU.Build.0 = Debug|Any CPU
		{693D8DB8-73D7-4CA9-814E-0A0B359239B6}.Release|Any CPU.ActiveCfg = Release|Any CPU
		{693D8DB8-73D7-4CA9-814E-0A0B359239B6}.Release|Any CPU.Build.0 = Release|Any CPU
		{900AC8D2-0B09-4678-A775-A082AFBB783C}.Debug|Any CPU.ActiveCfg = Debug|Any CPU
		{900AC8D2-0B09-4678-A775-A082AFBB783C}.Debug|Any CPU.Build.0 = Debug|Any CPU
		{900AC8D2-0B09-4678-A775-A082AFBB783C}.Release|Any CPU.ActiveCfg = Release|Any CPU
		{900AC8D2-0B09-4678-A775-A082AFBB783C}.Release|Any CPU.Build.0 = Release|Any CPU
	EndGlobalSection
	GlobalSection(SolutionProperties) = preSolution
		HideSolutionNode = FALSE
	EndGlobalSection
	GlobalSection(ExtensibilityGlobals) = postSolution
		SolutionGuid = {2C4860E7-4911-40D9-96B8-72C22F3413AD}
	EndGlobalSection
EndGlobal
